
Microsoft Visual Studio Solution File, Format Version 12.00
# Visual Studio Version 17
VisualStudioVersion = 17.2.32630.192
MinimumVisualStudioVersion = 10.0.40219.1
Project("{FAE04EC0-301F-11D3-BF4B-00C04F79EFBC}") = "MyTimesheetAPI", "MyTimesheetAPI\MyTimesheetAPI.csproj", "{C2974906-7E32-45C9-9F1A-0D37D63FAFC5}"
EndProject
Global
	GlobalSection(SolutionConfigurationPlatforms) = preSolution
		Debug|Any CPU = Debug|Any CPU
		Release|Any CPU = Release|Any CPU
	EndGlobalSection
	GlobalSection(ProjectConfigurationPlatforms) = postSolution
		{C2974906-7E32-45C9-9F1A-0D37D63FAFC5}.Debug|Any CPU.ActiveCfg = Debug|Any CPU
		{C2974906-7E32-45C9-9F1A-0D37D63FAFC5}.Debug|Any CPU.Build.0 = Debug|Any CPU
		{C2974906-7E32-45C9-9F1A-0D37D63FAFC5}.Release|Any CPU.ActiveCfg = Release|Any CPU
		{C2974906-7E32-45C9-9F1A-0D37D63FAFC5}.Release|Any CPU.Build.0 = Release|Any CPU
	EndGlobalSection
	GlobalSection(SolutionProperties) = preSolution
		HideSolutionNode = FALSE
	EndGlobalSection
	GlobalSection(ExtensibilityGlobals) = postSolution
		SolutionGuid = {B1DC6A93-22B0-4888-B9CC-1A651F15DD8D}
	EndGlobalSection
EndGlobal
